
Microsoft Visual Studio Solution File, Format Version 12.00
# Visual Studio 14
VisualStudioVersion = 14.0.25420.1
MinimumVisualStudioVersion = 10.0.40219.1
Project("{8BB2217D-0F2D-49D1-97BC-3654ED321F3B}") = "Samples.Web", "Samples.Web\Samples.Web.xproj", "{7AACB7DF-7BD2-4806-BEE5-8F817DB0FBF8}"
EndProject
Project("{8BB2217D-0F2D-49D1-97BC-3654ED321F3B}") = "Samples.WebApi", "Samples.WebApi\Samples.WebApi.xproj", "{0AC2043D-F805-41A5-93F0-72F40AF7DA81}"
EndProject
Global
	GlobalSection(SolutionConfigurationPlatforms) = preSolution
		Debug|Any CPU = Debug|Any CPU
		Release|Any CPU = Release|Any CPU
	EndGlobalSection
	GlobalSection(ProjectConfigurationPlatforms) = postSolution
		{7AACB7DF-7BD2-4806-BEE5-8F817DB0FBF8}.Debug|Any CPU.ActiveCfg = Debug|Any CPU
		{7AACB7DF-7BD2-4806-BEE5-8F817DB0FBF8}.Debug|Any CPU.Build.0 = Debug|Any CPU
		{7AACB7DF-7BD2-4806-BEE5-8F817DB0FBF8}.Release|Any CPU.ActiveCfg = Release|Any CPU
		{7AACB7DF-7BD2-4806-BEE5-8F817DB0FBF8}.Release|Any CPU.Build.0 = Release|Any CPU
		{0AC2043D-F805-41A5-93F0-72F40AF7DA81}.Debug|Any CPU.ActiveCfg = Debug|Any CPU
		{0AC2043D-F805-41A5-93F0-72F40AF7DA81}.Debug|Any CPU.Build.0 = Debug|Any CPU
		{0AC2043D-F805-41A5-93F0-72F40AF7DA81}.Release|Any CPU.ActiveCfg = Release|Any CPU
		{0AC2043D-F805-41A5-93F0-72F40AF7DA81}.Release|Any CPU.Build.0 = Release|Any CPU
	EndGlobalSection
	GlobalSection(SolutionProperties) = preSolution
		HideSolutionNode = FALSE
	EndGlobalSection
EndGlobal
